
Microsoft Visual Studio Solution File, Format Version 12.00
# Visual Studio Version 16
VisualStudioVersion = 16.0.30413.136
MinimumVisualStudioVersion = 10.0.40219.1
Project("{FAE04EC0-301F-11D3-BF4B-00C04F79EFBC}") = "Signature", "Signature\Signature.csproj", "{F99934EF-A208-4CFA-9017-FA0195CDF856}"
EndProject
Global
	GlobalSection(SolutionConfigurationPlatforms) = preSolution
		Debug|Any CPU = Debug|Any CPU
		Release|Any CPU = Release|Any CPU
	EndGlobalSection
	GlobalSection(ProjectConfigurationPlatforms) = postSolution
		{F99934EF-A208-4CFA-9017-FA0195CDF856}.Debug|Any CPU.ActiveCfg = Debug|Any CPU
		{F99934EF-A208-4CFA-9017-FA0195CDF856}.Debug|Any CPU.Build.0 = Debug|Any CPU
		{F99934EF-A208-4CFA-9017-FA0195CDF856}.Release|Any CPU.ActiveCfg = Release|Any CPU
		{F99934EF-A208-4CFA-9017-FA0195CDF856}.Release|Any CPU.Build.0 = Release|Any CPU
	EndGlobalSection
	GlobalSection(SolutionProperties) = preSolution
		HideSolutionNode = FALSE
	EndGlobalSection
	GlobalSection(ExtensibilityGlobals) = postSolution
		SolutionGuid = {9E78E0BD-47A7-481C-A4E3-F6BA80D1DC6D}
	EndGlobalSection
EndGlobal
